
Microsoft Visual Studio Solution File, Format Version 12.00
# Visual Studio Version 17
VisualStudioVersion = 17.0.31903.59
MinimumVisualStudioVersion = 10.0.40219.1
Project("{2150E333-8FDC-42A3-9474-1A3956D46DE8}") = "src", "src", "{06AA78E9-E2C8-4303-B7E4-6D256CF60143}"
EndProject
Project("{FAE04EC0-301F-11D3-BF4B-00C04F79EFBC}") = "Mousean", "src\Mousean\Mousean.csproj", "{6A726A9E-E5EF-49BA-8DFF-0A4C8357AF8E}"
EndProject
Global
	GlobalSection(SolutionConfigurationPlatforms) = preSolution
		Debug|Any CPU = Debug|Any CPU
		Release|Any CPU = Release|Any CPU
	EndGlobalSection
	GlobalSection(SolutionProperties) = preSolution
		HideSolutionNode = FALSE
	EndGlobalSection
	GlobalSection(ProjectConfigurationPlatforms) = postSolution
		{6A726A9E-E5EF-49BA-8DFF-0A4C8357AF8E}.Debug|Any CPU.ActiveCfg = Debug|Any CPU
		{6A726A9E-E5EF-49BA-8DFF-0A4C8357AF8E}.Debug|Any CPU.Build.0 = Debug|Any CPU
		{6A726A9E-E5EF-49BA-8DFF-0A4C8357AF8E}.Release|Any CPU.ActiveCfg = Release|Any CPU
		{6A726A9E-E5EF-49BA-8DFF-0A4C8357AF8E}.Release|Any CPU.Build.0 = Release|Any CPU
	EndGlobalSection
	GlobalSection(NestedProjects) = preSolution
		{6A726A9E-E5EF-49BA-8DFF-0A4C8357AF8E} = {06AA78E9-E2C8-4303-B7E4-6D256CF60143}
	EndGlobalSection
EndGlobal
